// !$*UTF8*$!
{
	archiveVersion = 1;
	classes = {
	};
	objectVersion = 46;
	objects = {

/* Begin PBXBuildFile section */
		6933F59F3CC5291320E978EE /* libPods-SHXMLParsing.a in Frameworks */ = {isa = PBXBuildFile; fileRef = 6DCBF27AB6BE5D96C6C724E5 /* libPods-SHXMLParsing.a */; };
		AD4A23441DA784E300927308 /* main.m in Sources */ = {isa = PBXBuildFile; fileRef = AD4A23431DA784E300927308 /* main.m */; };
		AD4A23471DA784E300927308 /* AppDelegate.m in Sources */ = {isa = PBXBuildFile; fileRef = AD4A23461DA784E300927308 /* AppDelegate.m */; };
		AD4A234A1DA784E300927308 /* ViewController.m in Sources */ = {isa = PBXBuildFile; fileRef = AD4A23491DA784E300927308 /* ViewController.m */; };
		AD4A234D1DA784E300927308 /* Main.storyboard in Resources */ = {isa = PBXBuildFile; fileRef = AD4A234B1DA784E300927308 /* Main.storyboard */; };
		AD4A234F1DA784E300927308 /* Assets.xcassets in Resources */ = {isa = PBXBuildFile; fileRef = AD4A234E1DA784E300927308 /* Assets.xcassets */; };
		AD4A23521DA784E300927308 /* LaunchScreen.storyboard in Resources */ = {isa = PBXBuildFile; fileRef = AD4A23501DA784E300927308 /* LaunchScreen.storyboard */; };
		ADE983141DAA0E0D00738C72 /* text.xml in Resources */ = {isa = PBXBuildFile; fileRef = ADE983131DAA0E0D00738C72 /* text.xml */; settings = {ASSET_TAGS = (); }; };
		ADE983171DAA11A800738C72 /* Person.m in Sources */ = {isa = PBXBuildFile; fileRef = ADE983161DAA11A800738C72 /* Person.m */; settings = {ASSET_TAGS = (); }; };
		ADE9831A1DAA120E00738C72 /* XMLUtil.m in Sources */ = {isa = PBXBuildFile; fileRef = ADE983191DAA120E00738C72 /* XMLUtil.m */; settings = {ASSET_TAGS = (); }; };
/* End PBXBuildFile section */

/* Begin PBXFileReference section */
		1EC0F1D9F92A7673550A93FF /* Pods-SHXMLParsing.debug.xcconfig */ = {isa = PBXFileReference; includeInIndex = 1; lastKnownFileType = text.xcconfig; name = "Pods-SHXMLParsing.debug.xcconfig"; path = "Pods/Target Support Files/Pods-SHXMLParsing/Pods-SHXMLParsing.debug.xcconfig"; sourceTree = "<group>"; };
		6DCBF27AB6BE5D96C6C724E5 /* libPods-SHXMLParsing.a */ = {isa = PBXFileReference; explicitFileType = archive.ar; includeInIndex = 0; path = "libPods-SHXMLParsing.a"; sourceTree = BUILT_PRODUCTS_DIR; };
		9E7695CC1373D356CF56B44F /* Pods-SHXMLParsing.release.xcconfig */ = {isa = PBXFileReference; includeInIndex = 1; lastKnownFileType = text.xcconfig; name = "Pods-SHXMLParsing.release.xcconfig"; path = "Pods/Target Support Files/Pods-SHXMLParsing/Pods-SHXMLParsing.release.xcconfig"; sourceTree = "<group>"; };
		AD4A233F1DA784E300927308 /* SHXMLParsing.app */ = {isa = PBXFileReference; explicitFileType = wrapper.application; includeInIndex = 0; path = SHXMLParsing.app; sourceTree = BUILT_PRODUCTS_DIR; };
		AD4A23431DA784E300927308 /* main.m */ = {isa = PBXFileReference; lastKnownFileType = sourcecode.c.objc; path = main.m; sourceTree = "<group>"; };
		AD4A23451DA784E300927308 /* AppDelegate.h */ = {isa = PBXFileReference; lastKnownFileType = sourcecode.c.h; path = AppDelegate.h; sourceTree = "<group>"; };
		AD4A23461DA784E300927308 /* AppDelegate.m */ = {isa = PBXFileReference; lastKnownFileType = sourcecode.c.objc; path = AppDelegate.m; sourceTree = "<group>"; };
		AD4A23481DA784E300927308 /* ViewController.h */ = {isa = PBXFileReference; lastKnownFileType = sourcecode.c.h; path = ViewController.h; sourceTree = "<group>"; };
		AD4A23491DA784E300927308 /* ViewController.m */ = {isa = PBXFileReference; lastKnownFileType = sourcecode.c.objc; path = ViewController.m; sourceTree = "<group>"; };
		AD4A234C1DA784E300927308 /* Base */ = {isa = PBXFileReference; lastKnownFileType = file.storyboard; name = Base; path = Base.lproj/Main.storyboard; sourceTree = "<group>"; };
		AD4A234E1DA784E300927308 /* Assets.xcassets */ = {isa = PBXFileReference; lastKnownFileType = folder.assetcatalog; path = Assets.xcassets; sourceTree = "<group>"; };
		AD4A23511DA784E300927308 /* Base */ = {isa = PBXFileReference; lastKnownFileType = file.storyboard; name = Base; path = Base.lproj/LaunchScreen.storyboard; sourceTree = "<group>"; };
		AD4A23531DA784E300927308 /* Info.plist */ = {isa = PBXFileReference; lastKnownFileType = text.plist.xml; path = Info.plist; sourceTree = "<group>"; };
		ADE983131DAA0E0D00738C72 /* text.xml */ = {isa = PBXFileReference; fileEncoding = 4; lastKnownFileType = text.xml; path = text.xml; sourceTree = "<group>"; };
		ADE983151DAA11A800738C72 /* Person.h */ = {isa = PBXFileReference; fileEncoding = 4; lastKnownFileType = sourcecode.c.h; path = Person.h; sourceTree = "<group>"; };
		ADE983161DAA11A800738C72 /* Person.m */ = {isa = PBXFileReference; fileEncoding = 4; lastKnownFileType = sourcecode.c.objc; path = Person.m; sourceTree = "<group>"; };
		ADE983181DAA120E00738C72 /* XMLUtil.h */ = {isa = PBXFileReference; fileEncoding = 4; lastKnownFileType = sourcecode.c.h; path = XMLUtil.h; sourceTree = "<group>"; };
		ADE983191DAA120E00738C72 /* XMLUtil.m */ = {isa = PBXFileReference; fileEncoding = 4; lastKnownFileType = sourcecode.c.objc; path = XMLUtil.m; sourceTree = "<group>"; };
/* End PBXFileReference section */

/* Begin PBXFrameworksBuildPhase section */
		AD4A233C1DA784E300927308 /* Frameworks */ = {
			isa = PBXFrameworksBuildPhase;
			buildActionMask = 2147483647;
			files = (
				6933F59F3CC5291320E978EE /* libPods-SHXMLParsing.a in Frameworks */,
			);
			runOnlyForDeploymentPostprocessing = 0;
		};
/* End PBXFrameworksBuildPhase section */

/* Begin PBXGroup section */
		1F05E5BAFE26D433DAA44AA5 /* Pods */ = {
			isa = PBXGroup;
			children = (
				1EC0F1D9F92A7673550A93FF /* Pods-SHXMLParsing.debug.xcconfig */,
				9E7695CC1373D356CF56B44F /* Pods-SHXMLParsing.release.xcconfig */,
			);
			name = Pods;
			sourceTree = "<group>";
		};
		AD4A23361DA784E300927308 = {
			isa = PBXGroup;
			children = (
				AD4A23411DA784E300927308 /* SHXMLParsing */,
				AD4A23401DA784E300927308 /* Products */,
				1F05E5BAFE26D433DAA44AA5 /* Pods */,
				C6626C8D1DADDACD197B5271 /* Frameworks */,
			);
			sourceTree = "<group>";
		};
		AD4A23401DA784E300927308 /* Products */ = {
			isa = PBXGroup;
			children = (
				AD4A233F1DA784E300927308 /* SHXMLParsing.app */,
			);
			name = Products;
			sourceTree = "<group>";
		};
		AD4A23411DA784E300927308 /* SHXMLParsing */ = {
			isa = PBXGroup;
			children = (
				AD4A23451DA784E300927308 /* AppDelegate.h */,
				AD4A23461DA784E300927308 /* AppDelegate.m */,
				AD4A23481DA784E300927308 /* ViewController.h */,
				AD4A23491DA784E300927308 /* ViewController.m */,
				ADE983151DAA11A800738C72 /* Person.h */,
				ADE983161DAA11A800738C72 /* Person.m */,
				ADE983181DAA120E00738C72 /* XMLUtil.h */,
				ADE983191DAA120E00738C72 /* XMLUtil.m */,
				ADE983131DAA0E0D00738C72 /* text.xml */,
				AD4A234B1DA784E300927308 /* Main.storyboard */,
				AD4A234E1DA784E300927308 /* Assets.xcassets */,
				AD4A23501DA784E300927308 /* LaunchScreen.storyboard */,
				AD4A23531DA784E300927308 /* Info.plist */,
				AD4A23421DA784E300927308 /* Supporting Files */,
			);
			path = SHXMLParsing;
			sourceTree = "<group>";
		};
		AD4A23421DA784E300927308 /* Supporting Files */ = {
			isa = PBXGroup;
			children = (
				AD4A23431DA784E300927308 /* main.m */,
			);
			name = "Supporting Files";
			sourceTree = "<group>";
		};
		C6626C8D1DADDACD197B5271 /* Frameworks */ = {
			isa = PBXGroup;
			children = (
				6DCBF27AB6BE5D96C6C724E5 /* libPods-SHXMLParsing.a */,
			);
			name = Frameworks;
			sourceTree = "<group>";
		};
/* End PBXGroup section */

/* Begin PBXNativeTarget section */
		AD4A233E1DA784E300927308 /* SHXMLParsing */ = {
			isa = PBXNativeTarget;
			buildConfigurationList = AD4A23561DA784E300927308 /* Build configuration list for PBXNativeTarget "SHXMLParsing" */;
			buildPhases = (
				C9FD24879719B049F1F724F3 /* [CP] Check Pods Manifest.lock */,
				AD4A233B1DA784E300927308 /* Sources */,
				AD4A233C1DA784E300927308 /* Frameworks */,
				AD4A233D1DA784E300927308 /* Resources */,
				4B206A22447CA1D99E2019CD /* [CP] Embed Pods Frameworks */,
				9007F60AFF4A6728489AC64C /* [CP] Copy Pods Resources */,
			);
			buildRules = (
			);
			dependencies = (
			);
			name = SHXMLParsing;
			productName = SHXMLParsing;
			productReference = AD4A233F1DA784E300927308 /* SHXMLParsing.app */;
			productType = "com.apple.product-type.application";
		};
/* End PBXNativeTarget section */

/* Begin PBXProject section */
		AD4A23371DA784E300927308 /* Project object */ = {
			isa = PBXProject;
			attributes = {
				LastUpgradeCheck = 0700;
				ORGANIZATIONNAME = SH10;
				TargetAttributes = {
					AD4A233E1DA784E300927308 = {
						CreatedOnToolsVersion = 7.0.1;
					};
				};
			};
			buildConfigurationList = AD4A233A1DA784E300927308 /* Build configuration list for PBXProject "SHXMLParsing" */;
			compatibilityVersion = "Xcode 3.2";
			developmentRegion = English;
			hasScannedForEncodings = 0;
			knownRegions = (
				en,
				Base,
			);
			mainGroup = AD4A23361DA784E300927308;
			productRefGroup = AD4A23401DA784E300927308 /* Products */;
			projectDirPath = "";
			projectRoot = "";
			targets = (
				AD4A233E1DA784E300927308 /* SHXMLParsing */,
			);
		};
/* End PBXProject section */

/* Begin PBXResourcesBuildPhase section */
		AD4A233D1DA784E300927308 /* Resources */ = {
			isa = PBXResourcesBuildPhase;
			buildActionMask = 2147483647;
			files = (
				AD4A23521DA784E300927308 /* LaunchScreen.storyboard in Resources */,
				ADE983141DAA0E0D00738C72 /* text.xml in Resources */,
				AD4A234F1DA784E300927308 /* Assets.xcassets in Resources */,
				AD4A234D1DA784E300927308 /* Main.storyboard in Resources */,
			);
			runOnlyForDeploymentPostprocessing = 0;
		};
/* End PBXResourcesBuildPhase section */

/* Begin PBXShellScriptBuildPhase section */
		4B206A22447CA1D99E2019CD /* [CP] Embed Pods Frameworks */ = {
			isa = PBXShellScriptBuildPhase;
			buildActionMask = 2147483647;
			files = (
			);
			inputPaths = (
			);
			name = "[CP] Embed Pods Frameworks";
			outputPaths = (
			);
			runOnlyForDeploymentPostprocessing = 0;
			shellPath = /bin/sh;
			shellScript = "\"${SRCROOT}/Pods/Target Support Files/Pods-SHXMLParsing/Pods-SHXMLParsing-frameworks.sh\"\n";
			showEnvVarsInLog = 0;
		};
		9007F60AFF4A6728489AC64C /* [CP] Copy Pods Resources */ = {
			isa = PBXShellScriptBuildPhase;
			buildActionMask = 2147483647;
			files = (
			);
			inputPaths = (
			);
			name = "[CP] Copy Pods Resources";
			outputPaths = (
			);
			runOnlyForDeploymentPostprocessing = 0;
			shellPath = /bin/sh;
			shellScript = "\"${SRCROOT}/Pods/Target Support Files/Pods-SHXMLParsing/Pods-SHXMLParsing-resources.sh\"\n";
			showEnvVarsInLog = 0;
		};
		C9FD24879719B049F1F724F3 /* [CP] Check Pods Manifest.lock */ = {
			isa = PBXShellScriptBuildPhase;
			buildActionMask = 2147483647;
			files = (
			);
			inputPaths = (
			);
			name = "[CP] Check Pods Manifest.lock";
			outputPaths = (
			);
			runOnlyForDeploymentPostprocessing = 0;
			shellPath = /bin/sh;
			shellScript = "diff \"${PODS_ROOT}/../Podfile.lock\" \"${PODS_ROOT}/Manifest.lock\" > /dev/null\nif [[ $? != 0 ]] ; then\n    cat << EOM\nerror: The sandbox is not in sync with the Podfile.lock. Run 'pod install' or update your CocoaPods installation.\nEOM\n    exit 1\nfi\n";
			showEnvVarsInLog = 0;
		};
/* End PBXShellScriptBuildPhase section */

/* Begin PBXSourcesBuildPhase section */
		AD4A233B1DA784E300927308 /* Sources */ = {
			isa = PBXSourcesBuildPhase;
			buildActionMask = 2147483647;
			files = (
				AD4A234A1DA784E300927308 /* ViewController.m in Sources */,
				ADE9831A1DAA120E00738C72 /* XMLUtil.m in Sources */,
				AD4A23471DA784E300927308 /* AppDelegate.m in Sources */,
				ADE983171DAA11A800738C72 /* Person.m in Sources */,
				AD4A23441DA784E300927308 /* main.m in Sources */,
			);
			runOnlyForDeploymentPostprocessing = 0;
		};
/* End PBXSourcesBuildPhase section */

/* Begin PBXVariantGroup section */
		AD4A234B1DA784E300927308 /* Main.storyboard */ = {
			isa = PBXVariantGroup;
			children = (
				AD4A234C1DA784E300927308 /* Base */,
			);
			name = Main.storyboard;
			sourceTree = "<group>";
		};
		AD4A23501DA784E300927308 /* LaunchScreen.storyboard */ = {
			isa = PBXVariantGroup;
			children = (
				AD4A23511DA784E300927308 /* Base */,
			);
			name = LaunchScreen.storyboard;
			sourceTree = "<group>";
		};
/* End PBXVariantGroup section */

/* Begin XCBuildConfiguration section */
		AD4A23541DA784E300927308 /* Debug */ = {
			isa = XCBuildConfiguration;
			buildSettings = {
				ALWAYS_SEARCH_USER_PATHS = NO;
				CLANG_CXX_LANGUAGE_STANDARD = "gnu++0x";
				CLANG_CXX_LIBRARY = "libc++";
				CLANG_ENABLE_MODULES = YES;
				CLANG_ENABLE_OBJC_ARC = YES;
				CLANG_WARN_BOOL_CONVERSION = YES;
				CLANG_WARN_CONSTANT_CONVERSION = YES;
				CLANG_WARN_DIRECT_OBJC_ISA_USAGE = YES_ERROR;
				CLANG_WARN_EMPTY_BODY = YES;
				CLANG_WARN_ENUM_CONVERSION = YES;
				CLANG_WARN_INT_CONVERSION = YES;
				CLANG_WARN_OBJC_ROOT_CLASS = YES_ERROR;
				CLANG_WARN_UNREACHABLE_CODE = YES;
				CLANG_WARN__DUPLICATE_METHOD_MATCH = YES;
				"CODE_SIGN_IDENTITY[sdk=iphoneos*]" = "iPhone Developer";
				COPY_PHASE_STRIP = NO;
				DEBUG_INFORMATION_FORMAT = dwarf;
				ENABLE_STRICT_OBJC_MSGSEND = YES;
				ENABLE_TESTABILITY = YES;
				GCC_C_LANGUAGE_STANDARD = gnu99;
				GCC_DYNAMIC_NO_PIC = NO;
				GCC_NO_COMMON_BLOCKS = YES;
				GCC_OPTIMIZATION_LEVEL = 0;
				GCC_PREPROCESSOR_DEFINITIONS = (
					"DEBUG=1",
					"$(inherited)",
				);
				GCC_WARN_64_TO_32_BIT_CONVERSION = YES;
				GCC_WARN_ABOUT_RETURN_TYPE = YES_ERROR;
				GCC_WARN_UNDECLARED_SELECTOR = YES;
				GCC_WARN_UNINITIALIZED_AUTOS = YES_AGGRESSIVE;
				GCC_WARN_UNUSED_FUNCTION = YES;
				GCC_WARN_UNUSED_VARIABLE = YES;
				IPHONEOS_DEPLOYMENT_TARGET = 9.0;
				MTL_ENABLE_DEBUG_INFO = YES;
				ONLY_ACTIVE_ARCH = YES;
				SDKROOT = iphoneos;
			};
			name = Debug;
		};
		AD4A23551DA784E300927308 /* Release */ = {
			isa = XCBuildConfiguration;
			buildSettings = {
				ALWAYS_SEARCH_USER_PATHS = NO;
				CLANG_CXX_LANGUAGE_STANDARD = "gnu++0x";
				CLANG_CXX_LIBRARY = "libc++";
				CLANG_ENABLE_MODULES = YES;
				CLANG_ENABLE_OBJC_ARC = YES;
				CLANG_WARN_BOOL_CONVERSION = YES;
				CLANG_WARN_CONSTANT_CONVERSION = YES;
				CLANG_WARN_DIRECT_OBJC_ISA_USAGE = YES_ERROR;
				CLANG_WARN_EMPTY_BODY = YES;
				CLANG_WARN_ENUM_CONVERSION = YES;
				CLANG_WARN_INT_CONVERSION = YES;
				CLANG_WARN_OBJC_ROOT_CLASS = YES_ERROR;
				CLANG_WARN_UNREACHABLE_CODE = YES;
				CLANG_WARN__DUPLICATE_METHOD_MATCH = YES;
				"CODE_SIGN_IDENTITY[sdk=iphoneos*]" = "iPhone Developer";
				COPY_PHASE_STRIP = NO;
				DEBUG_INFORMATION_FORMAT = "dwarf-with-dsym";
				ENABLE_NS_ASSERTIONS = NO;
				ENABLE_STRICT_OBJC_MSGSEND = YES;
				GCC_C_LANGUAGE_STANDARD = gnu99;
				GCC_NO_COMMON_BLOCKS = YES;
				GCC_WARN_64_TO_32_BIT_CONVERSION = YES;
				GCC_WARN_ABOUT_RETURN_TYPE = YES_ERROR;
				GCC_WARN_UNDECLARED_SELECTOR = YES;
				GCC_WARN_UNINITIALIZED_AUTOS = YES_AGGRESSIVE;
				GCC_WARN_UNUSED_FUNCTION = YES;
				GCC_WARN_UNUSED_VARIABLE = YES;
				IPHONEOS_DEPLOYMENT_TARGET = 9.0;
				MTL_ENABLE_DEBUG_INFO = NO;
				SDKROOT = iphoneos;
				VALIDATE_PRODUCT = YES;
			};
			name = Release;
		};
		AD4A23571DA784E300927308 /* Debug */ = {
			isa = XCBuildConfiguration;
			baseConfigurationReference = 1EC0F1D9F92A7673550A93FF /* Pods-SHXMLParsing.debug.xcconfig */;
			buildSettings = {
				ASSETCATALOG_COMPILER_APPICON_NAME = AppIcon;
				INFOPLIST_FILE = SHXMLParsing/Info.plist;
				LD_RUNPATH_SEARCH_PATHS = "$(inherited) @executable_path/Frameworks";
				PRODUCT_BUNDLE_IDENTIFIER = water.SHXMLParsing;
				PRODUCT_NAME = "$(TARGET_NAME)";
			};
			name = Debug;
		};
		AD4A23581DA784E300927308 /* Release */ = {
			isa = XCBuildConfiguration;
			baseConfigurationReference = 9E7695CC1373D356CF56B44F /* Pods-SHXMLParsing.release.xcconfig */;
			buildSettings = {
				ASSETCATALOG_COMPILER_APPICON_NAME = AppIcon;
				INFOPLIST_FILE = SHXMLParsing/Info.plist;
				LD_RUNPATH_SEARCH_PATHS = "$(inherited) @executable_path/Frameworks";
				PRODUCT_BUNDLE_IDENTIFIER = water.SHXMLParsing;
				PRODUCT_NAME = "$(TARGET_NAME)";
			};
			name = Release;
		};
/* End XCBuildConfiguration section */

/* Begin XCConfigurationList section */
		AD4A233A1DA784E300927308 /* Build configuration list for PBXProject "SHXMLParsing" */ = {
			isa = XCConfigurationList;
			buildConfigurations = (
				AD4A23541DA784E300927308 /* Debug */,
				AD4A23551DA784E300927308 /* Release */,
			);
			defaultConfigurationIsVisible = 0;
			defaultConfigurationName = Release;
		};
		AD4A23561DA784E300927308 /* Build configuration list for PBXNativeTarget "SHXMLParsing" */ = {
			isa = XCConfigurationList;
			buildConfigurations = (
				AD4A23571DA784E300927308 /* Debug */,
				AD4A23581DA784E300927308 /* Release */,
			);
			defaultConfigurationIsVisible = 0;
			defaultConfigurationName = Release;
		};
/* End XCConfigurationList section */
	};
	rootObject = AD4A23371DA784E300927308 /* Project object */;
}
